{
  "R": {
    "Version": "4.4.2",
    "Repositories": [
      {
        "Name": "CRAN",
        "URL": "https://cloud.r-project.org"
      }
    ]
  },
  "Packages": {
    "jsonlite": {
      "Package": "jsonlite",
      "Version": "1.8.9",
      "Source": "Repository",
      "Repository": "CRAN"
    },
    "psych": {
      "Package": "psych",
      "Version": "2.4.6.26",
      "Source": "Repository",
      "Repository": "CRAN"
    },
    "seminr": {
      "Package": "seminr",
      "Version": "2.3.3",
      "Source": "Repository",
      "Repository": "CRAN"
    },
    "testthat": {
      "Package": "testthat",
      "Version": "3.2.2",
      "Source": "Repository",
      "Repository": "CRAN"
    }
  }
}
